
Microsoft Visual Studio Solution File, Format Version 12.00
# Visual Studio Version 17
VisualStudioVersion = 17.5.002.0
MinimumVisualStudioVersion = 10.0.40219.1
Project("{9A19103F-16F7-4668-BE54-9A1E7A4F7556}") = "APIIncidencias", "APIIncidencias\APIIncidencias.csproj", "{986D6B22-7E0F-4938-AC2D-BC4474AFEE13}"
EndProject
Project("{9A19103F-16F7-4668-BE54-9A1E7A4F7556}") = "Aplicacion", "Aplicacion\Aplicacion.csproj", "{FEB91818-3C50-4AFE-8C7E-0BE0DEA0F996}"
EndProject
Project("{9A19103F-16F7-4668-BE54-9A1E7A4F7556}") = "Dominio", "Dominio\Dominio.csproj", "{801DAA61-D425-45B9-B927-4D684410BDA1}"
EndProject
Project("{9A19103F-16F7-4668-BE54-9A1E7A4F7556}") = "Persistencia", "Persistencia\Persistencia.csproj", "{2D560086-5BE4-46FF-999E-691828B3B90B}"
EndProject
Project("{9A19103F-16F7-4668-BE54-9A1E7A4F7556}") = "Seguridad", "Seguridad\Seguridad.csproj", "{AB32CC3F-BA66-43A7-B257-296F6D762370}"
EndProject
Global
	GlobalSection(SolutionConfigurationPlatforms) = preSolution
		Debug|Any CPU = Debug|Any CPU
		Release|Any CPU = Release|Any CPU
	EndGlobalSection
	GlobalSection(ProjectConfigurationPlatforms) = postSolution
		{986D6B22-7E0F-4938-AC2D-BC4474AFEE13}.Debug|Any CPU.ActiveCfg = Debug|Any CPU
		{986D6B22-7E0F-4938-AC2D-BC4474AFEE13}.Debug|Any CPU.Build.0 = Debug|Any CPU
		{986D6B22-7E0F-4938-AC2D-BC4474AFEE13}.Release|Any CPU.ActiveCfg = Release|Any CPU
		{986D6B22-7E0F-4938-AC2D-BC4474AFEE13}.Release|Any CPU.Build.0 = Release|Any CPU
		{FEB91818-3C50-4AFE-8C7E-0BE0DEA0F996}.Debug|Any CPU.ActiveCfg = Debug|Any CPU
		{FEB91818-3C50-4AFE-8C7E-0BE0DEA0F996}.Debug|Any CPU.Build.0 = Debug|Any CPU
		{FEB91818-3C50-4AFE-8C7E-0BE0DEA0F996}.Release|Any CPU.ActiveCfg = Release|Any CPU
		{FEB91818-3C50-4AFE-8C7E-0BE0DEA0F996}.Release|Any CPU.Build.0 = Release|Any CPU
		{801DAA61-D425-45B9-B927-4D684410BDA1}.Debug|Any CPU.ActiveCfg = Debug|Any CPU
		{801DAA61-D425-45B9-B927-4D684410BDA1}.Debug|Any CPU.Build.0 = Debug|Any CPU
		{801DAA61-D425-45B9-B927-4D684410BDA1}.Release|Any CPU.ActiveCfg = Release|Any CPU
		{801DAA61-D425-45B9-B927-4D684410BDA1}.Release|Any CPU.Build.0 = Release|Any CPU
		{2D560086-5BE4-46FF-999E-691828B3B90B}.Debug|Any CPU.ActiveCfg = Debug|Any CPU
		{2D560086-5BE4-46FF-999E-691828B3B90B}.Debug|Any CPU.Build.0 = Debug|Any CPU
		{2D560086-5BE4-46FF-999E-691828B3B90B}.Release|Any CPU.ActiveCfg = Release|Any CPU
		{2D560086-5BE4-46FF-999E-691828B3B90B}.Release|Any CPU.Build.0 = Release|Any CPU
		{AB32CC3F-BA66-43A7-B257-296F6D762370}.Debug|Any CPU.ActiveCfg = Debug|Any CPU
		{AB32CC3F-BA66-43A7-B257-296F6D762370}.Debug|Any CPU.Build.0 = Debug|Any CPU
		{AB32CC3F-BA66-43A7-B257-296F6D762370}.Release|Any CPU.ActiveCfg = Release|Any CPU
		{AB32CC3F-BA66-43A7-B257-296F6D762370}.Release|Any CPU.Build.0 = Release|Any CPU
	EndGlobalSection
	GlobalSection(SolutionProperties) = preSolution
		HideSolutionNode = FALSE
	EndGlobalSection
	GlobalSection(ExtensibilityGlobals) = postSolution
		SolutionGuid = {60DEF663-650A-4ECE-9F0B-E17473AA4EAC}
	EndGlobalSection
EndGlobal
